
Microsoft Visual Studio Solution File, Format Version 12.00
# Visual Studio 15
VisualStudioVersion = 15.0.27130.2036
MinimumVisualStudioVersion = 10.0.40219.1
Project("{FAE04EC0-301F-11D3-BF4B-00C04F79EFBC}") = "TestGit 12 i 4 2018", "TestGit 12 i 4 2018\TestGit 12 i 4 2018.csproj", "{C548CD53-1666-463F-BF97-77F825B54B85}"
EndProject
Global
	GlobalSection(SolutionConfigurationPlatforms) = preSolution
		Debug|Any CPU = Debug|Any CPU
		Release|Any CPU = Release|Any CPU
	EndGlobalSection
	GlobalSection(ProjectConfigurationPlatforms) = postSolution
		{C548CD53-1666-463F-BF97-77F825B54B85}.Debug|Any CPU.ActiveCfg = Debug|Any CPU
		{C548CD53-1666-463F-BF97-77F825B54B85}.Debug|Any CPU.Build.0 = Debug|Any CPU
		{C548CD53-1666-463F-BF97-77F825B54B85}.Release|Any CPU.ActiveCfg = Release|Any CPU
		{C548CD53-1666-463F-BF97-77F825B54B85}.Release|Any CPU.Build.0 = Release|Any CPU
	EndGlobalSection
	GlobalSection(SolutionProperties) = preSolution
		HideSolutionNode = FALSE
	EndGlobalSection
	GlobalSection(ExtensibilityGlobals) = postSolution
		SolutionGuid = {AF9056CF-2E59-41A0-B24A-00618D2B20C7}
	EndGlobalSection
EndGlobal
